github.com/elastic/go-elasticsearch v0.0.0 h1:Pd5fqOuBxKxv83b0+xOAJDAkziWYwFinWnBO0y+TZaA=
github.com/elastic/go-elasticsearch v0.0.0/go.mod h1:TkBSJBuTyFdBnrNqoPc54FN0vKf5c04IdM4zuStJ7xg=
github.com/go-chi/chi v4.1.0+incompatible h1:ETj3cggsVIY2Xao5ExCu6YhEh5MD6JTfcBzS37R260w=
github.com/go-chi/chi v4.1.0+incompatible/go.mod h1:eB3wogJHnLi3x/kFX2A+IbTBlXxmMeXJVKy9tTv1XzQ=
github.com/go-chi/render v1.0.1 h1:4/5tis2cKaNdnv9zFLfXzcquC9HbeZgCnxGnKrltBS8=
github.com/go-chi/render v1.0.1/go.mod h1:pq4Rr7HbnsdaeHagklXub+p6Wd16Af5l9koip1OvJns=
github.com/satori/go.uuid v1.2.0 h1:0uYX9dsZ2yD7q2RtLRtPSdGDWzjeM3TbMJP9utgA0ww=
github.com/satori/go.uuid v1.2.0/go.mod h1:dA0hQrYB0VpLJoorglMZABFdXlWrHn1NEOzdhQKdks0=
github.com/zackwine/logperf v1.1.0 h1:L0A8VWXZZY8zRz5rDof3CUllJ1oyDsosquh+J+tT/X4=
github.com/zackwine/logperf v1.1.0/go.mod h1:Epch2534SEEa+6RHv6RNtgAhrlrjOB6iduKEY+pPrz0=
gopkg.in/check.v1 v0.0.0-20161208181325-20d25e280405/go.mod h1:Co6ibVJAznAaIkqp8huTwlJQCZ016jof/cbN4VW5Yz0=
gopkg.in/yaml.v2 v2.2.8 h1:obN1ZagJSUGI0Ek/LBmuj4SNLPfIny3KsKFopxRdj10=
gopkg.in/yaml.v2 v2.2.8/go.mod h1:hI93XBmqTisBFMUTm0b8Fm+jr3Dg1NNxqwp+5A1VGuI=
